
Microsoft Visual Studio Solution File, Format Version 12.00
# Visual Studio Version 16
VisualStudioVersion = 16.0.31205.134
MinimumVisualStudioVersion = 10.0.40219.1
Project("{FAE04EC0-301F-11D3-BF4B-00C04F79EFBC}") = "Sample11", "Sample11\Sample11.csproj", "{58D64CED-5431-499C-AAA1-18389ABDF0D8}"
EndProject
Global
	GlobalSection(SolutionConfigurationPlatforms) = preSolution
		Debug|Any CPU = Debug|Any CPU
		Release|Any CPU = Release|Any CPU
	EndGlobalSection
	GlobalSection(ProjectConfigurationPlatforms) = postSolution
		{58D64CED-5431-499C-AAA1-18389ABDF0D8}.Debug|Any CPU.ActiveCfg = Debug|Any CPU
		{58D64CED-5431-499C-AAA1-18389ABDF0D8}.Debug|Any CPU.Build.0 = Debug|Any CPU
		{58D64CED-5431-499C-AAA1-18389ABDF0D8}.Release|Any CPU.ActiveCfg = Release|Any CPU
		{58D64CED-5431-499C-AAA1-18389ABDF0D8}.Release|Any CPU.Build.0 = Release|Any CPU
	EndGlobalSection
	GlobalSection(SolutionProperties) = preSolution
		HideSolutionNode = FALSE
	EndGlobalSection
	GlobalSection(ExtensibilityGlobals) = postSolution
		SolutionGuid = {D479C0DE-148E-4419-939E-BD1479A5E76A}
	EndGlobalSection
EndGlobal
