
Microsoft Visual Studio Solution File, Format Version 12.00
# Visual Studio Version 16
VisualStudioVersion = 16.0.31205.134
MinimumVisualStudioVersion = 10.0.40219.1
Project("{FAE04EC0-301F-11D3-BF4B-00C04F79EFBC}") = "Sample 10", "Sample 10\Sample 10.csproj", "{EE70A261-D45A-4A5E-8C75-28B1DD90F183}"
EndProject
Global
	GlobalSection(SolutionConfigurationPlatforms) = preSolution
		Debug|Any CPU = Debug|Any CPU
		Release|Any CPU = Release|Any CPU
	EndGlobalSection
	GlobalSection(ProjectConfigurationPlatforms) = postSolution
		{EE70A261-D45A-4A5E-8C75-28B1DD90F183}.Debug|Any CPU.ActiveCfg = Debug|Any CPU
		{EE70A261-D45A-4A5E-8C75-28B1DD90F183}.Debug|Any CPU.Build.0 = Debug|Any CPU
		{EE70A261-D45A-4A5E-8C75-28B1DD90F183}.Release|Any CPU.ActiveCfg = Release|Any CPU
		{EE70A261-D45A-4A5E-8C75-28B1DD90F183}.Release|Any CPU.Build.0 = Release|Any CPU
	EndGlobalSection
	GlobalSection(SolutionProperties) = preSolution
		HideSolutionNode = FALSE
	EndGlobalSection
	GlobalSection(ExtensibilityGlobals) = postSolution
		SolutionGuid = {F6AAD78D-9D87-49A8-993C-0F475B68FFE5}
	EndGlobalSection
EndGlobal
